// !$*UTF8*$!
{
	archiveVersion = 1;
	classes = {
	};
	objectVersion = 56;
	objects = {

/* Begin PBXBuildFile section */
		CA32D4112B20EE380016EFDE /* Renderer.swift in Sources */ = {isa = PBXBuildFile; fileRef = CA32D4102B20EE380016EFDE /* Renderer.swift */; };
		CA32D4142B21037B0016EFDE /* Shaders.metal in Sources */ = {isa = PBXBuildFile; fileRef = CA32D4132B21037B0016EFDE /* Shaders.metal */; };
		CA67503D2B2388480060EB9C /* ObjMesh.swift in Sources */ = {isa = PBXBuildFile; fileRef = CA67503C2B2388480060EB9C /* ObjMesh.swift */; };
		CA6750402B2398910060EB9C /* cube.obj in Resources */ = {isa = PBXBuildFile; fileRef = CA67503E2B2398910060EB9C /* cube.obj */; };
		CA6750412B2398910060EB9C /* cube.mtl in Resources */ = {isa = PBXBuildFile; fileRef = CA67503F2B2398910060EB9C /* cube.mtl */; };
		CA8C28822B22538000A6191E /* GameScene.swift in Sources */ = {isa = PBXBuildFile; fileRef = CA8C28812B22538000A6191E /* GameScene.swift */; };
		CA8C28842B22593F00A6191E /* Camera.swift in Sources */ = {isa = PBXBuildFile; fileRef = CA8C28832B22593F00A6191E /* Camera.swift */; };
		CA8C28862B225A2A00A6191E /* SimpleComponent.swift in Sources */ = {isa = PBXBuildFile; fileRef = CA8C28852B225A2A00A6191E /* SimpleComponent.swift */; };
		CA8C28882B225DD600A6191E /* LinearAlgebro.swift in Sources */ = {isa = PBXBuildFile; fileRef = CA8C28872B225DD500A6191E /* LinearAlgebro.swift */; };
		CA8D61C82B0D31C600804A07 /* MetalimApp.swift in Sources */ = {isa = PBXBuildFile; fileRef = CA8D61C72B0D31C600804A07 /* MetalimApp.swift */; };
		CA8D61CA2B0D31C600804A07 /* ContentView.swift in Sources */ = {isa = PBXBuildFile; fileRef = CA8D61C92B0D31C600804A07 /* ContentView.swift */; };
		CA8D61CC2B0D31C800804A07 /* Assets.xcassets in Resources */ = {isa = PBXBuildFile; fileRef = CA8D61CB2B0D31C800804A07 /* Assets.xcassets */; };
		CA8D61CF2B0D31C800804A07 /* Preview Assets.xcassets in Resources */ = {isa = PBXBuildFile; fileRef = CA8D61CE2B0D31C800804A07 /* Preview Assets.xcassets */; };
		CAA5A8262B25A36C0040AD97 /* Entity.swift in Sources */ = {isa = PBXBuildFile; fileRef = CAA5A8252B25A36C0040AD97 /* Entity.swift */; };
		CAA5A8292B25AC6B0040AD97 /* ground.obj in Resources */ = {isa = PBXBuildFile; fileRef = CAA5A8272B25AC6B0040AD97 /* ground.obj */; };
		CAA5A82A2B25AC6B0040AD97 /* ground.mtl in Resources */ = {isa = PBXBuildFile; fileRef = CAA5A8282B25AC6B0040AD97 /* ground.mtl */; };
		CAA5A82F2B264E450040AD97 /* texture.png in Resources */ = {isa = PBXBuildFile; fileRef = CAA5A82D2B264E450040AD97 /* texture.png */; };
		CAA5A8302B264E450040AD97 /* memed.png in Resources */ = {isa = PBXBuildFile; fileRef = CAA5A82E2B264E450040AD97 /* memed.png */; };
		CAA5A8322B26570C0040AD97 /* Light.swift in Sources */ = {isa = PBXBuildFile; fileRef = CAA5A8312B26570C0040AD97 /* Light.swift */; };
		CAAE84AD2B2B82A0004851AD /* mouse.obj in Resources */ = {isa = PBXBuildFile; fileRef = CAAE84AB2B2B82A0004851AD /* mouse.obj */; };
		CAAE84AE2B2B82A0004851AD /* mouse.mtl in Resources */ = {isa = PBXBuildFile; fileRef = CAAE84AC2B2B82A0004851AD /* mouse.mtl */; };
		CAAE84B02B2B82B9004851AD /* maus.png in Resources */ = {isa = PBXBuildFile; fileRef = CAAE84AF2B2B82B9004851AD /* maus.png */; };
		CAAE84B22B2B82E4004851AD /* Billboard.swift in Sources */ = {isa = PBXBuildFile; fileRef = CAAE84B12B2B82E4004851AD /* Billboard.swift */; };
		CAF71BEC2B24BC9900B6665F /* AppView.swift in Sources */ = {isa = PBXBuildFile; fileRef = CAF71BEB2B24BC9900B6665F /* AppView.swift */; };
		CAF71BEE2B24FF6600B6665F /* Material.swift in Sources */ = {isa = PBXBuildFile; fileRef = CAF71BED2B24FF6600B6665F /* Material.swift */; };
/* End PBXBuildFile section */

/* Begin PBXFileReference section */
		CA32D4102B20EE380016EFDE /* Renderer.swift */ = {isa = PBXFileReference; lastKnownFileType = sourcecode.swift; path = Renderer.swift; sourceTree = "<group>"; };
		CA32D4122B2101020016EFDE /* definitions.h */ = {isa = PBXFileReference; lastKnownFileType = sourcecode.c.h; path = definitions.h; sourceTree = "<group>"; };
		CA32D4132B21037B0016EFDE /* Shaders.metal */ = {isa = PBXFileReference; lastKnownFileType = sourcecode.metal; path = Shaders.metal; sourceTree = "<group>"; };
		CA67503C2B2388480060EB9C /* ObjMesh.swift */ = {isa = PBXFileReference; lastKnownFileType = sourcecode.swift; path = ObjMesh.swift; sourceTree = "<group>"; };
		CA67503E2B2398910060EB9C /* cube.obj */ = {isa = PBXFileReference; fileEncoding = 4; lastKnownFileType = text; path = cube.obj; sourceTree = "<group>"; };
		CA67503F2B2398910060EB9C /* cube.mtl */ = {isa = PBXFileReference; fileEncoding = 4; lastKnownFileType = text; path = cube.mtl; sourceTree = "<group>"; };
		CA8C28812B22538000A6191E /* GameScene.swift */ = {isa = PBXFileReference; lastKnownFileType = sourcecode.swift; path = GameScene.swift; sourceTree = "<group>"; };
		CA8C28832B22593F00A6191E /* Camera.swift */ = {isa = PBXFileReference; lastKnownFileType = sourcecode.swift; path = Camera.swift; sourceTree = "<group>"; };
		CA8C28852B225A2A00A6191E /* SimpleComponent.swift */ = {isa = PBXFileReference; lastKnownFileType = sourcecode.swift; path = SimpleComponent.swift; sourceTree = "<group>"; };
		CA8C28872B225DD500A6191E /* LinearAlgebro.swift */ = {isa = PBXFileReference; fileEncoding = 4; lastKnownFileType = sourcecode.swift; path = LinearAlgebro.swift; sourceTree = "<group>"; };
		CA8D61C42B0D31C600804A07 /* Metalim.app */ = {isa = PBXFileReference; explicitFileType = wrapper.application; includeInIndex = 0; path = Metalim.app; sourceTree = BUILT_PRODUCTS_DIR; };
		CA8D61C72B0D31C600804A07 /* MetalimApp.swift */ = {isa = PBXFileReference; lastKnownFileType = sourcecode.swift; path = MetalimApp.swift; sourceTree = "<group>"; };
		CA8D61C92B0D31C600804A07 /* ContentView.swift */ = {isa = PBXFileReference; lastKnownFileType = sourcecode.swift; path = ContentView.swift; sourceTree = "<group>"; };
		CA8D61CB2B0D31C800804A07 /* Assets.xcassets */ = {isa = PBXFileReference; lastKnownFileType = folder.assetcatalog; path = Assets.xcassets; sourceTree = "<group>"; };
		CA8D61CE2B0D31C800804A07 /* Preview Assets.xcassets */ = {isa = PBXFileReference; lastKnownFileType = folder.assetcatalog; path = "Preview Assets.xcassets"; sourceTree = "<group>"; };
		CA8D61D02B0D31C800804A07 /* Metalim.entitlements */ = {isa = PBXFileReference; lastKnownFileType = text.plist.entitlements; path = Metalim.entitlements; sourceTree = "<group>"; };
		CAA5A8252B25A36C0040AD97 /* Entity.swift */ = {isa = PBXFileReference; lastKnownFileType = sourcecode.swift; path = Entity.swift; sourceTree = "<group>"; };
		CAA5A8272B25AC6B0040AD97 /* ground.obj */ = {isa = PBXFileReference; fileEncoding = 4; lastKnownFileType = text; path = ground.obj; sourceTree = "<group>"; };
		CAA5A8282B25AC6B0040AD97 /* ground.mtl */ = {isa = PBXFileReference; fileEncoding = 4; lastKnownFileType = text; path = ground.mtl; sourceTree = "<group>"; };
		CAA5A82D2B264E450040AD97 /* texture.png */ = {isa = PBXFileReference; lastKnownFileType = image.png; path = texture.png; sourceTree = "<group>"; };
		CAA5A82E2B264E450040AD97 /* memed.png */ = {isa = PBXFileReference; lastKnownFileType = image.png; path = memed.png; sourceTree = "<group>"; };
		CAA5A8312B26570C0040AD97 /* Light.swift */ = {isa = PBXFileReference; lastKnownFileType = sourcecode.swift; path = Light.swift; sourceTree = "<group>"; };
		CAAE84AB2B2B82A0004851AD /* mouse.obj */ = {isa = PBXFileReference; fileEncoding = 4; lastKnownFileType = text; path = mouse.obj; sourceTree = "<group>"; };
		CAAE84AC2B2B82A0004851AD /* mouse.mtl */ = {isa = PBXFileReference; fileEncoding = 4; lastKnownFileType = text; path = mouse.mtl; sourceTree = "<group>"; };
		CAAE84AF2B2B82B9004851AD /* maus.png */ = {isa = PBXFileReference; lastKnownFileType = image.png; path = maus.png; sourceTree = "<group>"; };
		CAAE84B12B2B82E4004851AD /* Billboard.swift */ = {isa = PBXFileReference; lastKnownFileType = sourcecode.swift; path = Billboard.swift; sourceTree = "<group>"; };
		CAF71BEB2B24BC9900B6665F /* AppView.swift */ = {isa = PBXFileReference; lastKnownFileType = sourcecode.swift; path = AppView.swift; sourceTree = "<group>"; };
		CAF71BED2B24FF6600B6665F /* Material.swift */ = {isa = PBXFileReference; lastKnownFileType = sourcecode.swift; path = Material.swift; sourceTree = "<group>"; };
/* End PBXFileReference section */

/* Begin PBXFrameworksBuildPhase section */
		CA8D61C12B0D31C600804A07 /* Frameworks */ = {
			isa = PBXFrameworksBuildPhase;
			buildActionMask = 2147483647;
			files = (
			);
			runOnlyForDeploymentPostprocessing = 0;
		};
/* End PBXFrameworksBuildPhase section */

/* Begin PBXGroup section */
		CA6750422B23989A0060EB9C /* Objects */ = {
			isa = PBXGroup;
			children = (
				CAA5A82E2B264E450040AD97 /* memed.png */,
				CAA5A82D2B264E450040AD97 /* texture.png */,
				CAAE84AF2B2B82B9004851AD /* maus.png */,
				CAAE84AC2B2B82A0004851AD /* mouse.mtl */,
				CAAE84AB2B2B82A0004851AD /* mouse.obj */,
				CAA5A8282B25AC6B0040AD97 /* ground.mtl */,
				CAA5A8272B25AC6B0040AD97 /* ground.obj */,
				CA67503F2B2398910060EB9C /* cube.mtl */,
				CA67503E2B2398910060EB9C /* cube.obj */,
			);
			path = Objects;
			sourceTree = "<group>";
		};
		CA8C28802B22536600A6191E /* Model */ = {
			isa = PBXGroup;
			children = (
				CA8C28812B22538000A6191E /* GameScene.swift */,
				CA8C28832B22593F00A6191E /* Camera.swift */,
				CA8C28852B225A2A00A6191E /* SimpleComponent.swift */,
				CAA5A8252B25A36C0040AD97 /* Entity.swift */,
				CAA5A8312B26570C0040AD97 /* Light.swift */,
				CAAE84B12B2B82E4004851AD /* Billboard.swift */,
			);
			path = Model;
			sourceTree = "<group>";
		};
		CA8C28892B225FC500A6191E /* View */ = {
			isa = PBXGroup;
			children = (
				CA32D4102B20EE380016EFDE /* Renderer.swift */,
				CA8D61C92B0D31C600804A07 /* ContentView.swift */,
				CA67503C2B2388480060EB9C /* ObjMesh.swift */,
				CAF71BED2B24FF6600B6665F /* Material.swift */,
				CAF71BEB2B24BC9900B6665F /* AppView.swift */,
			);
			path = View;
			sourceTree = "<group>";
		};
		CA8D61BB2B0D31C600804A07 = {
			isa = PBXGroup;
			children = (
				CA8D61C62B0D31C600804A07 /* Metalim */,
				CA8D61C52B0D31C600804A07 /* Products */,
			);
			sourceTree = "<group>";
		};
		CA8D61C52B0D31C600804A07 /* Products */ = {
			isa = PBXGroup;
			children = (
				CA8D61C42B0D31C600804A07 /* Metalim.app */,
			);
			name = Products;
			sourceTree = "<group>";
		};
		CA8D61C62B0D31C600804A07 /* Metalim */ = {
			isa = PBXGroup;
			children = (
				CA8D61C72B0D31C600804A07 /* MetalimApp.swift */,
				CA6750422B23989A0060EB9C /* Objects */,
				CA8C28892B225FC500A6191E /* View */,
				CA8C28802B22536600A6191E /* Model */,
				CA8C28872B225DD500A6191E /* LinearAlgebro.swift */,
				CA32D4132B21037B0016EFDE /* Shaders.metal */,
				CA32D4122B2101020016EFDE /* definitions.h */,
				CA8D61CB2B0D31C800804A07 /* Assets.xcassets */,
				CA8D61D02B0D31C800804A07 /* Metalim.entitlements */,
				CA8D61CD2B0D31C800804A07 /* Preview Content */,
			);
			path = Metalim;
			sourceTree = "<group>";
		};
		CA8D61CD2B0D31C800804A07 /* Preview Content */ = {
			isa = PBXGroup;
			children = (
				CA8D61CE2B0D31C800804A07 /* Preview Assets.xcassets */,
			);
			path = "Preview Content";
			sourceTree = "<group>";
		};
/* End PBXGroup section */

/* Begin PBXNativeTarget section */
		CA8D61C32B0D31C600804A07 /* Metalim */ = {
			isa = PBXNativeTarget;
			buildConfigurationList = CA8D61D32B0D31C800804A07 /* Build configuration list for PBXNativeTarget "Metalim" */;
			buildPhases = (
				CA8D61C02B0D31C600804A07 /* Sources */,
				CA8D61C12B0D31C600804A07 /* Frameworks */,
				CA8D61C22B0D31C600804A07 /* Resources */,
			);
			buildRules = (
			);
			dependencies = (
			);
			name = Metalim;
			productName = Metalim;
			productReference = CA8D61C42B0D31C600804A07 /* Metalim.app */;
			productType = "com.apple.product-type.application";
		};
/* End PBXNativeTarget section */

/* Begin PBXProject section */
		CA8D61BC2B0D31C600804A07 /* Project object */ = {
			isa = PBXProject;
			attributes = {
				BuildIndependentTargetsInParallel = 1;
				LastSwiftUpdateCheck = 1500;
				LastUpgradeCheck = 1500;
				TargetAttributes = {
					CA8D61C32B0D31C600804A07 = {
						CreatedOnToolsVersion = 15.0.1;
					};
				};
			};
			buildConfigurationList = CA8D61BF2B0D31C600804A07 /* Build configuration list for PBXProject "Metalim" */;
			compatibilityVersion = "Xcode 14.0";
			developmentRegion = en;
			hasScannedForEncodings = 0;
			knownRegions = (
				en,
				Base,
			);
			mainGroup = CA8D61BB2B0D31C600804A07;
			productRefGroup = CA8D61C52B0D31C600804A07 /* Products */;
			projectDirPath = "";
			projectRoot = "";
			targets = (
				CA8D61C32B0D31C600804A07 /* Metalim */,
			);
		};
/* End PBXProject section */

/* Begin PBXResourcesBuildPhase section */
		CA8D61C22B0D31C600804A07 /* Resources */ = {
			isa = PBXResourcesBuildPhase;
			buildActionMask = 2147483647;
			files = (
				CA6750402B2398910060EB9C /* cube.obj in Resources */,
				CAAE84AE2B2B82A0004851AD /* mouse.mtl in Resources */,
				CAA5A82F2B264E450040AD97 /* texture.png in Resources */,
				CAAE84AD2B2B82A0004851AD /* mouse.obj in Resources */,
				CAA5A82A2B25AC6B0040AD97 /* ground.mtl in Resources */,
				CA8D61CF2B0D31C800804A07 /* Preview Assets.xcassets in Resources */,
				CAAE84B02B2B82B9004851AD /* maus.png in Resources */,
				CAA5A8302B264E450040AD97 /* memed.png in Resources */,
				CA6750412B2398910060EB9C /* cube.mtl in Resources */,
				CAA5A8292B25AC6B0040AD97 /* ground.obj in Resources */,
				CA8D61CC2B0D31C800804A07 /* Assets.xcassets in Resources */,
			);
			runOnlyForDeploymentPostprocessing = 0;
		};
/* End PBXResourcesBuildPhase section */

/* Begin PBXSourcesBuildPhase section */
		CA8D61C02B0D31C600804A07 /* Sources */ = {
			isa = PBXSourcesBuildPhase;
			buildActionMask = 2147483647;
			files = (
				CA32D4142B21037B0016EFDE /* Shaders.metal in Sources */,
				CAA5A8262B25A36C0040AD97 /* Entity.swift in Sources */,
				CA8C28822B22538000A6191E /* GameScene.swift in Sources */,
				CA8D61CA2B0D31C600804A07 /* ContentView.swift in Sources */,
				CAF71BEE2B24FF6600B6665F /* Material.swift in Sources */,
				CAF71BEC2B24BC9900B6665F /* AppView.swift in Sources */,
				CA32D4112B20EE380016EFDE /* Renderer.swift in Sources */,
				CAA5A8322B26570C0040AD97 /* Light.swift in Sources */,
				CA8C28862B225A2A00A6191E /* SimpleComponent.swift in Sources */,
				CA8C28842B22593F00A6191E /* Camera.swift in Sources */,
				CA8C28882B225DD600A6191E /* LinearAlgebro.swift in Sources */,
				CAAE84B22B2B82E4004851AD /* Billboard.swift in Sources */,
				CA67503D2B2388480060EB9C /* ObjMesh.swift in Sources */,
				CA8D61C82B0D31C600804A07 /* MetalimApp.swift in Sources */,
			);
			runOnlyForDeploymentPostprocessing = 0;
		};
/* End PBXSourcesBuildPhase section */

/* Begin XCBuildConfiguration section */
		CA8D61D12B0D31C800804A07 /* Debug */ = {
			isa = XCBuildConfiguration;
			buildSettings = {
				ALWAYS_SEARCH_USER_PATHS = NO;
				ASSETCATALOG_COMPILER_GENERATE_SWIFT_ASSET_SYMBOL_EXTENSIONS = YES;
				CLANG_ANALYZER_NONNULL = YES;
				CLANG_ANALYZER_NUMBER_OBJECT_CONVERSION = YES_AGGRESSIVE;
				CLANG_CXX_LANGUAGE_STANDARD = "gnu++20";
				CLANG_ENABLE_MODULES = YES;
				CLANG_ENABLE_OBJC_ARC = YES;
				CLANG_ENABLE_OBJC_WEAK = YES;
				CLANG_WARN_BLOCK_CAPTURE_AUTORELEASING = YES;
				CLANG_WARN_BOOL_CONVERSION = YES;
				CLANG_WARN_COMMA = YES;
				CLANG_WARN_CONSTANT_CONVERSION = YES;
				CLANG_WARN_DEPRECATED_OBJC_IMPLEMENTATIONS = YES;
				CLANG_WARN_DIRECT_OBJC_ISA_USAGE = YES_ERROR;
				CLANG_WARN_DOCUMENTATION_COMMENTS = YES;
				CLANG_WARN_EMPTY_BODY = YES;
				CLANG_WARN_ENUM_CONVERSION = YES;
				CLANG_WARN_INFINITE_RECURSION = YES;
				CLANG_WARN_INT_CONVERSION = YES;
				CLANG_WARN_NON_LITERAL_NULL_CONVERSION = YES;
				CLANG_WARN_OBJC_IMPLICIT_RETAIN_SELF = YES;
				CLANG_WARN_OBJC_LITERAL_CONVERSION = YES;
				CLANG_WARN_OBJC_ROOT_CLASS = YES_ERROR;
				CLANG_WARN_QUOTED_INCLUDE_IN_FRAMEWORK_HEADER = YES;
				CLANG_WARN_RANGE_LOOP_ANALYSIS = YES;
				CLANG_WARN_STRICT_PROTOTYPES = YES;
				CLANG_WARN_SUSPICIOUS_MOVE = YES;
				CLANG_WARN_UNGUARDED_AVAILABILITY = YES_AGGRESSIVE;
				CLANG_WARN_UNREACHABLE_CODE = YES;
				CLANG_WARN__DUPLICATE_METHOD_MATCH = YES;
				COPY_PHASE_STRIP = NO;
				DEBUG_INFORMATION_FORMAT = dwarf;
				ENABLE_STRICT_OBJC_MSGSEND = YES;
				ENABLE_TESTABILITY = YES;
				ENABLE_USER_SCRIPT_SANDBOXING = YES;
				GCC_C_LANGUAGE_STANDARD = gnu17;
				GCC_DYNAMIC_NO_PIC = NO;
				GCC_NO_COMMON_BLOCKS = YES;
				GCC_OPTIMIZATION_LEVEL = 0;
				GCC_PREPROCESSOR_DEFINITIONS = (
					"DEBUG=1",
					"$(inherited)",
				);
				GCC_WARN_64_TO_32_BIT_CONVERSION = YES;
				GCC_WARN_ABOUT_RETURN_TYPE = YES_ERROR;
				GCC_WARN_UNDECLARED_SELECTOR = YES;
				GCC_WARN_UNINITIALIZED_AUTOS = YES_AGGRESSIVE;
				GCC_WARN_UNUSED_FUNCTION = YES;
				GCC_WARN_UNUSED_VARIABLE = YES;
				LOCALIZATION_PREFERS_STRING_CATALOGS = YES;
				MACOSX_DEPLOYMENT_TARGET = 14.0;
				MTL_ENABLE_DEBUG_INFO = INCLUDE_SOURCE;
				MTL_FAST_MATH = YES;
				ONLY_ACTIVE_ARCH = YES;
				SDKROOT = macosx;
				SWIFT_ACTIVE_COMPILATION_CONDITIONS = "DEBUG $(inherited)";
				SWIFT_OPTIMIZATION_LEVEL = "-Onone";
			};
			name = Debug;
		};
		CA8D61D22B0D31C800804A07 /* Release */ = {
			isa = XCBuildConfiguration;
			buildSettings = {
				ALWAYS_SEARCH_USER_PATHS = NO;
				ASSETCATALOG_COMPILER_GENERATE_SWIFT_ASSET_SYMBOL_EXTENSIONS = YES;
				CLANG_ANALYZER_NONNULL = YES;
				CLANG_ANALYZER_NUMBER_OBJECT_CONVERSION = YES_AGGRESSIVE;
				CLANG_CXX_LANGUAGE_STANDARD = "gnu++20";
				CLANG_ENABLE_MODULES = YES;
				CLANG_ENABLE_OBJC_ARC = YES;
				CLANG_ENABLE_OBJC_WEAK = YES;
				CLANG_WARN_BLOCK_CAPTURE_AUTORELEASING = YES;
				CLANG_WARN_BOOL_CONVERSION = YES;
				CLANG_WARN_COMMA = YES;
				CLANG_WARN_CONSTANT_CONVERSION = YES;
				CLANG_WARN_DEPRECATED_OBJC_IMPLEMENTATIONS = YES;
				CLANG_WARN_DIRECT_OBJC_ISA_USAGE = YES_ERROR;
				CLANG_WARN_DOCUMENTATION_COMMENTS = YES;
				CLANG_WARN_EMPTY_BODY = YES;
				CLANG_WARN_ENUM_CONVERSION = YES;
				CLANG_WARN_INFINITE_RECURSION = YES;
				CLANG_WARN_INT_CONVERSION = YES;
				CLANG_WARN_NON_LITERAL_NULL_CONVERSION = YES;
				CLANG_WARN_OBJC_IMPLICIT_RETAIN_SELF = YES;
				CLANG_WARN_OBJC_LITERAL_CONVERSION = YES;
				CLANG_WARN_OBJC_ROOT_CLASS = YES_ERROR;
				CLANG_WARN_QUOTED_INCLUDE_IN_FRAMEWORK_HEADER = YES;
				CLANG_WARN_RANGE_LOOP_ANALYSIS = YES;
				CLANG_WARN_STRICT_PROTOTYPES = YES;
				CLANG_WARN_SUSPICIOUS_MOVE = YES;
				CLANG_WARN_UNGUARDED_AVAILABILITY = YES_AGGRESSIVE;
				CLANG_WARN_UNREACHABLE_CODE = YES;
				CLANG_WARN__DUPLICATE_METHOD_MATCH = YES;
				COPY_PHASE_STRIP = NO;
				DEBUG_INFORMATION_FORMAT = "dwarf-with-dsym";
				ENABLE_NS_ASSERTIONS = NO;
				ENABLE_STRICT_OBJC_MSGSEND = YES;
				ENABLE_USER_SCRIPT_SANDBOXING = YES;
				GCC_C_LANGUAGE_STANDARD = gnu17;
				GCC_NO_COMMON_BLOCKS = YES;
				GCC_WARN_64_TO_32_BIT_CONVERSION = YES;
				GCC_WARN_ABOUT_RETURN_TYPE = YES_ERROR;
				GCC_WARN_UNDECLARED_SELECTOR = YES;
				GCC_WARN_UNINITIALIZED_AUTOS = YES_AGGRESSIVE;
				GCC_WARN_UNUSED_FUNCTION = YES;
				GCC_WARN_UNUSED_VARIABLE = YES;
				LOCALIZATION_PREFERS_STRING_CATALOGS = YES;
				MACOSX_DEPLOYMENT_TARGET = 14.0;
				MTL_ENABLE_DEBUG_INFO = NO;
				MTL_FAST_MATH = YES;
				SDKROOT = macosx;
				SWIFT_COMPILATION_MODE = wholemodule;
			};
			name = Release;
		};
		CA8D61D42B0D31C800804A07 /* Debug */ = {
			isa = XCBuildConfiguration;
			buildSettings = {
				ASSETCATALOG_COMPILER_APPICON_NAME = AppIcon;
				ASSETCATALOG_COMPILER_GLOBAL_ACCENT_COLOR_NAME = AccentColor;
				CODE_SIGN_ENTITLEMENTS = Metalim/Metalim.entitlements;
				CODE_SIGN_STYLE = Automatic;
				COMBINE_HIDPI_IMAGES = YES;
				CURRENT_PROJECT_VERSION = 1;
				DEVELOPMENT_ASSET_PATHS = "\"Metalim/Preview Content\"";
				DEVELOPMENT_TEAM = AAG6CZ7HRY;
				ENABLE_HARDENED_RUNTIME = YES;
				ENABLE_PREVIEWS = YES;
				GENERATE_INFOPLIST_FILE = YES;
				INFOPLIST_KEY_NSHumanReadableCopyright = "";
				LD_RUNPATH_SEARCH_PATHS = (
					"$(inherited)",
					"@executable_path/../Frameworks",
				);
				MARKETING_VERSION = 1.0;
				PRODUCT_BUNDLE_IDENTIFIER = com.nizo.Metalim;
				PRODUCT_NAME = "$(TARGET_NAME)";
				SWIFT_EMIT_LOC_STRINGS = YES;
				SWIFT_OBJC_BRIDGING_HEADER = Metalim/definitions.h;
				SWIFT_VERSION = 5.0;
			};
			name = Debug;
		};
		CA8D61D52B0D31C800804A07 /* Release */ = {
			isa = XCBuildConfiguration;
			buildSettings = {
				ASSETCATALOG_COMPILER_APPICON_NAME = AppIcon;
				ASSETCATALOG_COMPILER_GLOBAL_ACCENT_COLOR_NAME = AccentColor;
				CODE_SIGN_ENTITLEMENTS = Metalim/Metalim.entitlements;
				CODE_SIGN_STYLE = Automatic;
				COMBINE_HIDPI_IMAGES = YES;
				CURRENT_PROJECT_VERSION = 1;
				DEVELOPMENT_ASSET_PATHS = "\"Metalim/Preview Content\"";
				DEVELOPMENT_TEAM = AAG6CZ7HRY;
				ENABLE_HARDENED_RUNTIME = YES;
				ENABLE_PREVIEWS = YES;
				GENERATE_INFOPLIST_FILE = YES;
				INFOPLIST_KEY_NSHumanReadableCopyright = "";
				LD_RUNPATH_SEARCH_PATHS = (
					"$(inherited)",
					"@executable_path/../Frameworks",
				);
				MARKETING_VERSION = 1.0;
				PRODUCT_BUNDLE_IDENTIFIER = com.nizo.Metalim;
				PRODUCT_NAME = "$(TARGET_NAME)";
				SWIFT_EMIT_LOC_STRINGS = YES;
				SWIFT_OBJC_BRIDGING_HEADER = Metalim/definitions.h;
				SWIFT_VERSION = 5.0;
			};
			name = Release;
		};
/* End XCBuildConfiguration section */

/* Begin XCConfigurationList section */
		CA8D61BF2B0D31C600804A07 /* Build configuration list for PBXProject "Metalim" */ = {
			isa = XCConfigurationList;
			buildConfigurations = (
				CA8D61D12B0D31C800804A07 /* Debug */,
				CA8D61D22B0D31C800804A07 /* Release */,
			);
			defaultConfigurationIsVisible = 0;
			defaultConfigurationName = Release;
		};
		CA8D61D32B0D31C800804A07 /* Build configuration list for PBXNativeTarget "Metalim" */ = {
			isa = XCConfigurationList;
			buildConfigurations = (
				CA8D61D42B0D31C800804A07 /* Debug */,
				CA8D61D52B0D31C800804A07 /* Release */,
			);
			defaultConfigurationIsVisible = 0;
			defaultConfigurationName = Release;
		};
/* End XCConfigurationList section */
	};
	rootObject = CA8D61BC2B0D31C600804A07 /* Project object */;
}
